
Microsoft Visual Studio Solution File, Format Version 12.00
# Visual Studio Version 16
VisualStudioVersion = 16.0.34729.46
MinimumVisualStudioVersion = 10.0.40219.1
Project("{FAE04EC0-301F-11D3-BF4B-00C04F79EFBC}") = "ZSD_0402", "ZSD_0402\ZSD_0402.csproj", "{CACD62A8-EA30-4972-BEFD-F5CAAC4FAA96}"
EndProject
Global
	GlobalSection(SolutionConfigurationPlatforms) = preSolution
		Debug|Any CPU = Debug|Any CPU
		Release|Any CPU = Release|Any CPU
	EndGlobalSection
	GlobalSection(ProjectConfigurationPlatforms) = postSolution
		{CACD62A8-EA30-4972-BEFD-F5CAAC4FAA96}.Debug|Any CPU.ActiveCfg = Debug|Any CPU
		{CACD62A8-EA30-4972-BEFD-F5CAAC4FAA96}.Debug|Any CPU.Build.0 = Debug|Any CPU
		{CACD62A8-EA30-4972-BEFD-F5CAAC4FAA96}.Release|Any CPU.ActiveCfg = Release|Any CPU
		{CACD62A8-EA30-4972-BEFD-F5CAAC4FAA96}.Release|Any CPU.Build.0 = Release|Any CPU
	EndGlobalSection
	GlobalSection(SolutionProperties) = preSolution
		HideSolutionNode = FALSE
	EndGlobalSection
	GlobalSection(ExtensibilityGlobals) = postSolution
		SolutionGuid = {04415A37-3CBD-408D-BB89-7AAE2EFD2031}
	EndGlobalSection
EndGlobal
